
Microsoft Visual Studio Solution File, Format Version 12.00
# Visual Studio Version 17
VisualStudioVersion = 17.0.31903.59
MinimumVisualStudioVersion = 10.0.40219.1
Project("{FAE04EC0-301F-11D3-BF4B-00C04F79EFBC}") = "JennovCamera", "JennovCamera\JennovCamera.csproj", "{99412852-E5D5-43AB-AAFF-BCDADC0C0375}"
EndProject
Project("{FAE04EC0-301F-11D3-BF4B-00C04F79EFBC}") = "JennovCamera.Demo", "JennovCamera.Demo\JennovCamera.Demo.csproj", "{BDAE6996-F019-457B-BB95-43BF0D61028E}"
EndProject
Project("{FAE04EC0-301F-11D3-BF4B-00C04F79EFBC}") = "JennovCamera.WPF", "JennovCamera.WPF\JennovCamera.WPF.csproj", "{A1B2C3D4-E5F6-7890-ABCD-EF1234567890}"
EndProject
Global
	GlobalSection(SolutionConfigurationPlatforms) = preSolution
		Debug|Any CPU = Debug|Any CPU
		Release|Any CPU = Release|Any CPU
	EndGlobalSection
	GlobalSection(SolutionProperties) = preSolution
		HideSolutionNode = FALSE
	EndGlobalSection
	GlobalSection(ProjectConfigurationPlatforms) = postSolution
		{99412852-E5D5-43AB-AAFF-BCDADC0C0375}.Debug|Any CPU.ActiveCfg = Debug|Any CPU
		{99412852-E5D5-43AB-AAFF-BCDADC0C0375}.Debug|Any CPU.Build.0 = Debug|Any CPU
		{99412852-E5D5-43AB-AAFF-BCDADC0C0375}.Release|Any CPU.ActiveCfg = Release|Any CPU
		{99412852-E5D5-43AB-AAFF-BCDADC0C0375}.Release|Any CPU.Build.0 = Release|Any CPU
		{BDAE6996-F019-457B-BB95-43BF0D61028E}.Debug|Any CPU.ActiveCfg = Debug|Any CPU
		{BDAE6996-F019-457B-BB95-43BF0D61028E}.Debug|Any CPU.Build.0 = Debug|Any CPU
		{BDAE6996-F019-457B-BB95-43BF0D61028E}.Release|Any CPU.ActiveCfg = Release|Any CPU
		{BDAE6996-F019-457B-BB95-43BF0D61028E}.Release|Any CPU.Build.0 = Release|Any CPU
		{A1B2C3D4-E5F6-7890-ABCD-EF1234567890}.Debug|Any CPU.ActiveCfg = Debug|Any CPU
		{A1B2C3D4-E5F6-7890-ABCD-EF1234567890}.Debug|Any CPU.Build.0 = Debug|Any CPU
		{A1B2C3D4-E5F6-7890-ABCD-EF1234567890}.Release|Any CPU.ActiveCfg = Release|Any CPU
		{A1B2C3D4-E5F6-7890-ABCD-EF1234567890}.Release|Any CPU.Build.0 = Release|Any CPU
	EndGlobalSection
EndGlobal
